
Microsoft Visual Studio Solution File, Format Version 12.00
# Visual Studio Version 16
VisualStudioVersion = 16.0.29609.76
MinimumVisualStudioVersion = 10.0.40219.1
Project("{FAE04EC0-301F-11D3-BF4B-00C04F79EFBC}") = "PieShop.Server", "PieShop.Server\PieShop.Server.csproj", "{5D11D534-2167-4865-9800-A2857954C2EA}"
EndProject
Global
	GlobalSection(SolutionConfigurationPlatforms) = preSolution
		Debug|Any CPU = Debug|Any CPU
		Release|Any CPU = Release|Any CPU
	EndGlobalSection
	GlobalSection(ProjectConfigurationPlatforms) = postSolution
		{5D11D534-2167-4865-9800-A2857954C2EA}.Debug|Any CPU.ActiveCfg = Debug|Any CPU
		{5D11D534-2167-4865-9800-A2857954C2EA}.Debug|Any CPU.Build.0 = Debug|Any CPU
		{5D11D534-2167-4865-9800-A2857954C2EA}.Release|Any CPU.ActiveCfg = Release|Any CPU
		{5D11D534-2167-4865-9800-A2857954C2EA}.Release|Any CPU.Build.0 = Release|Any CPU
	EndGlobalSection
	GlobalSection(SolutionProperties) = preSolution
		HideSolutionNode = FALSE
	EndGlobalSection
	GlobalSection(ExtensibilityGlobals) = postSolution
		SolutionGuid = {03945A3B-6C8F-4509-8661-93165993D4CD}
	EndGlobalSection
EndGlobal
